{
  "object": {
    "pins": [
      {
        "package": "FlipBook",
        "repositoryURL": "https://github.com/bgayman/FlipBook.git",
        "state": {
          "branch": null,
          "revision": "fd35713587d47b0307eb45ccfea21db666e6c18b",
          "version": "1.2.1"
        }
      }
    ]
  },
  "version": 1
}
