{
  "object": {
    "pins": [
      {
        "package": "FlipBook",
        "repositoryURL": "https://github.com/bgayman/FlipBook.git",
        "state": {
          "branch": null,
          "revision": "e632d0ed012c797a84a2e9fe1f8ba957159f4f85",
          "version": "1.0.0"
        }
      }
    ]
  },
  "version": 1
}
