{
  "object": {
    "pins": [
      {
        "package": "FlipBook",
        "repositoryURL": "https://github.com/bgayman/FlipBook.git",
        "state": {
          "branch": null,
          "revision": "d6bbfccbb9c75a12a72df1518910259463ea1c8d",
          "version": "0.2.16"
        }
      }
    ]
  },
  "version": 1
}
