// !$*UTF8*$!
{
	archiveVersion = 1;
	classes = {
	};
	objectVersion = 52;
	objects = {

/* Begin PBXBuildFile section */
		CD2B83BE23E4A26400899835 /* VideoViewController.swift in Sources */ = {isa = PBXBuildFile; fileRef = CD2B83BD23E4A26400899835 /* VideoViewController.swift */; };
		CD2B83C023E4A2C000899835 /* LivePhotoViewController.swift in Sources */ = {isa = PBXBuildFile; fileRef = CD2B83BF23E4A2C000899835 /* LivePhotoViewController.swift */; };
		CD2B83C223E4A36200899835 /* GIFViewController.swift in Sources */ = {isa = PBXBuildFile; fileRef = CD2B83C123E4A36200899835 /* GIFViewController.swift */; };
		CD938AE523DF4A4600EA9B2C /* AppDelegate.swift in Sources */ = {isa = PBXBuildFile; fileRef = CD938AE423DF4A4600EA9B2C /* AppDelegate.swift */; };
		CD938AE723DF4A4600EA9B2C /* SceneDelegate.swift in Sources */ = {isa = PBXBuildFile; fileRef = CD938AE623DF4A4600EA9B2C /* SceneDelegate.swift */; };
		CD938AE923DF4A4600EA9B2C /* ViewController.swift in Sources */ = {isa = PBXBuildFile; fileRef = CD938AE823DF4A4600EA9B2C /* ViewController.swift */; };
		CD938AEE23DF4A4C00EA9B2C /* Assets.xcassets in Resources */ = {isa = PBXBuildFile; fileRef = CD938AED23DF4A4C00EA9B2C /* Assets.xcassets */; };
		CD938AF123DF4A4C00EA9B2C /* LaunchScreen.storyboard in Resources */ = {isa = PBXBuildFile; fileRef = CD938AEF23DF4A4C00EA9B2C /* LaunchScreen.storyboard */; };
		CD938AFA23DF4AB200EA9B2C /* FlipBook in Frameworks */ = {isa = PBXBuildFile; productRef = CD938AF923DF4AB200EA9B2C /* FlipBook */; };
		CD938AFC23DF4C3500EA9B2C /* Main.storyboard in Resources */ = {isa = PBXBuildFile; fileRef = CD938AFB23DF4B0400EA9B2C /* Main.storyboard */; };
/* End PBXBuildFile section */

/* Begin PBXFileReference section */
		CD2B83BD23E4A26400899835 /* VideoViewController.swift */ = {isa = PBXFileReference; lastKnownFileType = sourcecode.swift; path = VideoViewController.swift; sourceTree = "<group>"; };
		CD2B83BF23E4A2C000899835 /* LivePhotoViewController.swift */ = {isa = PBXFileReference; lastKnownFileType = sourcecode.swift; path = LivePhotoViewController.swift; sourceTree = "<group>"; };
		CD2B83C123E4A36200899835 /* GIFViewController.swift */ = {isa = PBXFileReference; lastKnownFileType = sourcecode.swift; path = GIFViewController.swift; sourceTree = "<group>"; };
		CD938AE123DF4A4600EA9B2C /* FlipBookExampleiOS.app */ = {isa = PBXFileReference; explicitFileType = wrapper.application; includeInIndex = 0; path = FlipBookExampleiOS.app; sourceTree = BUILT_PRODUCTS_DIR; };
		CD938AE423DF4A4600EA9B2C /* AppDelegate.swift */ = {isa = PBXFileReference; lastKnownFileType = sourcecode.swift; path = AppDelegate.swift; sourceTree = "<group>"; };
		CD938AE623DF4A4600EA9B2C /* SceneDelegate.swift */ = {isa = PBXFileReference; lastKnownFileType = sourcecode.swift; path = SceneDelegate.swift; sourceTree = "<group>"; };
		CD938AE823DF4A4600EA9B2C /* ViewController.swift */ = {isa = PBXFileReference; lastKnownFileType = sourcecode.swift; path = ViewController.swift; sourceTree = "<group>"; };
		CD938AED23DF4A4C00EA9B2C /* Assets.xcassets */ = {isa = PBXFileReference; lastKnownFileType = folder.assetcatalog; path = Assets.xcassets; sourceTree = "<group>"; };
		CD938AF023DF4A4C00EA9B2C /* Base */ = {isa = PBXFileReference; lastKnownFileType = file.storyboard; name = Base; path = Base.lproj/LaunchScreen.storyboard; sourceTree = "<group>"; };
		CD938AF223DF4A4C00EA9B2C /* Info.plist */ = {isa = PBXFileReference; lastKnownFileType = text.plist.xml; path = Info.plist; sourceTree = "<group>"; };
		CD938AFB23DF4B0400EA9B2C /* Main.storyboard */ = {isa = PBXFileReference; lastKnownFileType = file.storyboard; path = Main.storyboard; sourceTree = "<group>"; };
/* End PBXFileReference section */

/* Begin PBXFrameworksBuildPhase section */
		CD938ADE23DF4A4600EA9B2C /* Frameworks */ = {
			isa = PBXFrameworksBuildPhase;
			buildActionMask = 2147483647;
			files = (
				CD938AFA23DF4AB200EA9B2C /* FlipBook in Frameworks */,
			);
			runOnlyForDeploymentPostprocessing = 0;
		};
/* End PBXFrameworksBuildPhase section */

/* Begin PBXGroup section */
		CD938AD823DF4A4600EA9B2C = {
			isa = PBXGroup;
			children = (
				CD938AE323DF4A4600EA9B2C /* FlipBookExampleiOS */,
				CD938AE223DF4A4600EA9B2C /* Products */,
			);
			sourceTree = "<group>";
		};
		CD938AE223DF4A4600EA9B2C /* Products */ = {
			isa = PBXGroup;
			children = (
				CD938AE123DF4A4600EA9B2C /* FlipBookExampleiOS.app */,
			);
			name = Products;
			sourceTree = "<group>";
		};
		CD938AE323DF4A4600EA9B2C /* FlipBookExampleiOS */ = {
			isa = PBXGroup;
			children = (
				CD938AE423DF4A4600EA9B2C /* AppDelegate.swift */,
				CD938AE623DF4A4600EA9B2C /* SceneDelegate.swift */,
				CD938AE823DF4A4600EA9B2C /* ViewController.swift */,
				CD2B83BD23E4A26400899835 /* VideoViewController.swift */,
				CD2B83BF23E4A2C000899835 /* LivePhotoViewController.swift */,
				CD2B83C123E4A36200899835 /* GIFViewController.swift */,
				CD938AED23DF4A4C00EA9B2C /* Assets.xcassets */,
				CD938AFB23DF4B0400EA9B2C /* Main.storyboard */,
				CD938AEF23DF4A4C00EA9B2C /* LaunchScreen.storyboard */,
				CD938AF223DF4A4C00EA9B2C /* Info.plist */,
			);
			path = FlipBookExampleiOS;
			sourceTree = "<group>";
		};
/* End PBXGroup section */

/* Begin PBXNativeTarget section */
		CD938AE023DF4A4600EA9B2C /* FlipBookExampleiOS */ = {
			isa = PBXNativeTarget;
			buildConfigurationList = CD938AF523DF4A4C00EA9B2C /* Build configuration list for PBXNativeTarget "FlipBookExampleiOS" */;
			buildPhases = (
				CD938ADD23DF4A4600EA9B2C /* Sources */,
				CD938ADE23DF4A4600EA9B2C /* Frameworks */,
				CD938ADF23DF4A4600EA9B2C /* Resources */,
			);
			buildRules = (
			);
			dependencies = (
			);
			name = FlipBookExampleiOS;
			packageProductDependencies = (
				CD938AF923DF4AB200EA9B2C /* FlipBook */,
			);
			productName = FlipBookExampleiOS;
			productReference = CD938AE123DF4A4600EA9B2C /* FlipBookExampleiOS.app */;
			productType = "com.apple.product-type.application";
		};
/* End PBXNativeTarget section */

/* Begin PBXProject section */
		CD938AD923DF4A4600EA9B2C /* Project object */ = {
			isa = PBXProject;
			attributes = {
				LastSwiftUpdateCheck = 1130;
				LastUpgradeCheck = 1130;
				ORGANIZATIONNAME = "Brad Gayman";
				TargetAttributes = {
					CD938AE023DF4A4600EA9B2C = {
						CreatedOnToolsVersion = 11.3.1;
					};
				};
			};
			buildConfigurationList = CD938ADC23DF4A4600EA9B2C /* Build configuration list for PBXProject "FlipBookExampleiOS" */;
			compatibilityVersion = "Xcode 9.3";
			developmentRegion = en;
			hasScannedForEncodings = 0;
			knownRegions = (
				en,
				Base,
			);
			mainGroup = CD938AD823DF4A4600EA9B2C;
			packageReferences = (
				CD938AF823DF4AB200EA9B2C /* XCRemoteSwiftPackageReference "FlipBook" */,
			);
			productRefGroup = CD938AE223DF4A4600EA9B2C /* Products */;
			projectDirPath = "";
			projectRoot = "";
			targets = (
				CD938AE023DF4A4600EA9B2C /* FlipBookExampleiOS */,
			);
		};
/* End PBXProject section */

/* Begin PBXResourcesBuildPhase section */
		CD938ADF23DF4A4600EA9B2C /* Resources */ = {
			isa = PBXResourcesBuildPhase;
			buildActionMask = 2147483647;
			files = (
				CD938AFC23DF4C3500EA9B2C /* Main.storyboard in Resources */,
				CD938AF123DF4A4C00EA9B2C /* LaunchScreen.storyboard in Resources */,
				CD938AEE23DF4A4C00EA9B2C /* Assets.xcassets in Resources */,
			);
			runOnlyForDeploymentPostprocessing = 0;
		};
/* End PBXResourcesBuildPhase section */

/* Begin PBXSourcesBuildPhase section */
		CD938ADD23DF4A4600EA9B2C /* Sources */ = {
			isa = PBXSourcesBuildPhase;
			buildActionMask = 2147483647;
			files = (
				CD2B83C023E4A2C000899835 /* LivePhotoViewController.swift in Sources */,
				CD938AE923DF4A4600EA9B2C /* ViewController.swift in Sources */,
				CD938AE523DF4A4600EA9B2C /* AppDelegate.swift in Sources */,
				CD2B83BE23E4A26400899835 /* VideoViewController.swift in Sources */,
				CD938AE723DF4A4600EA9B2C /* SceneDelegate.swift in Sources */,
				CD2B83C223E4A36200899835 /* GIFViewController.swift in Sources */,
			);
			runOnlyForDeploymentPostprocessing = 0;
		};
/* End PBXSourcesBuildPhase section */

/* Begin PBXVariantGroup section */
		CD938AEF23DF4A4C00EA9B2C /* LaunchScreen.storyboard */ = {
			isa = PBXVariantGroup;
			children = (
				CD938AF023DF4A4C00EA9B2C /* Base */,
			);
			name = LaunchScreen.storyboard;
			sourceTree = "<group>";
		};
/* End PBXVariantGroup section */

/* Begin XCBuildConfiguration section */
		CD938AF323DF4A4C00EA9B2C /* Debug */ = {
			isa = XCBuildConfiguration;
			buildSettings = {
				ALWAYS_SEARCH_USER_PATHS = NO;
				CLANG_ANALYZER_NONNULL = YES;
				CLANG_ANALYZER_NUMBER_OBJECT_CONVERSION = YES_AGGRESSIVE;
				CLANG_CXX_LANGUAGE_STANDARD = "gnu++14";
				CLANG_CXX_LIBRARY = "libc++";
				CLANG_ENABLE_MODULES = YES;
				CLANG_ENABLE_OBJC_ARC = YES;
				CLANG_ENABLE_OBJC_WEAK = YES;
				CLANG_WARN_BLOCK_CAPTURE_AUTORELEASING = YES;
				CLANG_WARN_BOOL_CONVERSION = YES;
				CLANG_WARN_COMMA = YES;
				CLANG_WARN_CONSTANT_CONVERSION = YES;
				CLANG_WARN_DEPRECATED_OBJC_IMPLEMENTATIONS = YES;
				CLANG_WARN_DIRECT_OBJC_ISA_USAGE = YES_ERROR;
				CLANG_WARN_DOCUMENTATION_COMMENTS = YES;
				CLANG_WARN_EMPTY_BODY = YES;
				CLANG_WARN_ENUM_CONVERSION = YES;
				CLANG_WARN_INFINITE_RECURSION = YES;
				CLANG_WARN_INT_CONVERSION = YES;
				CLANG_WARN_NON_LITERAL_NULL_CONVERSION = YES;
				CLANG_WARN_OBJC_IMPLICIT_RETAIN_SELF = YES;
				CLANG_WARN_OBJC_LITERAL_CONVERSION = YES;
				CLANG_WARN_OBJC_ROOT_CLASS = YES_ERROR;
				CLANG_WARN_RANGE_LOOP_ANALYSIS = YES;
				CLANG_WARN_STRICT_PROTOTYPES = YES;
				CLANG_WARN_SUSPICIOUS_MOVE = YES;
				CLANG_WARN_UNGUARDED_AVAILABILITY = YES_AGGRESSIVE;
				CLANG_WARN_UNREACHABLE_CODE = YES;
				CLANG_WARN__DUPLICATE_METHOD_MATCH = YES;
				COPY_PHASE_STRIP = NO;
				DEBUG_INFORMATION_FORMAT = dwarf;
				ENABLE_STRICT_OBJC_MSGSEND = YES;
				ENABLE_TESTABILITY = YES;
				GCC_C_LANGUAGE_STANDARD = gnu11;
				GCC_DYNAMIC_NO_PIC = NO;
				GCC_NO_COMMON_BLOCKS = YES;
				GCC_OPTIMIZATION_LEVEL = 0;
				GCC_PREPROCESSOR_DEFINITIONS = (
					"DEBUG=1",
					"$(inherited)",
				);
				GCC_WARN_64_TO_32_BIT_CONVERSION = YES;
				GCC_WARN_ABOUT_RETURN_TYPE = YES_ERROR;
				GCC_WARN_UNDECLARED_SELECTOR = YES;
				GCC_WARN_UNINITIALIZED_AUTOS = YES_AGGRESSIVE;
				GCC_WARN_UNUSED_FUNCTION = YES;
				GCC_WARN_UNUSED_VARIABLE = YES;
				IPHONEOS_DEPLOYMENT_TARGET = 13.2;
				MTL_ENABLE_DEBUG_INFO = INCLUDE_SOURCE;
				MTL_FAST_MATH = YES;
				ONLY_ACTIVE_ARCH = YES;
				SDKROOT = iphoneos;
				SWIFT_ACTIVE_COMPILATION_CONDITIONS = DEBUG;
				SWIFT_OPTIMIZATION_LEVEL = "-Onone";
			};
			name = Debug;
		};
		CD938AF423DF4A4C00EA9B2C /* Release */ = {
			isa = XCBuildConfiguration;
			buildSettings = {
				ALWAYS_SEARCH_USER_PATHS = NO;
				CLANG_ANALYZER_NONNULL = YES;
				CLANG_ANALYZER_NUMBER_OBJECT_CONVERSION = YES_AGGRESSIVE;
				CLANG_CXX_LANGUAGE_STANDARD = "gnu++14";
				CLANG_CXX_LIBRARY = "libc++";
				CLANG_ENABLE_MODULES = YES;
				CLANG_ENABLE_OBJC_ARC = YES;
				CLANG_ENABLE_OBJC_WEAK = YES;
				CLANG_WARN_BLOCK_CAPTURE_AUTORELEASING = YES;
				CLANG_WARN_BOOL_CONVERSION = YES;
				CLANG_WARN_COMMA = YES;
				CLANG_WARN_CONSTANT_CONVERSION = YES;
				CLANG_WARN_DEPRECATED_OBJC_IMPLEMENTATIONS = YES;
				CLANG_WARN_DIRECT_OBJC_ISA_USAGE = YES_ERROR;
				CLANG_WARN_DOCUMENTATION_COMMENTS = YES;
				CLANG_WARN_EMPTY_BODY = YES;
				CLANG_WARN_ENUM_CONVERSION = YES;
				CLANG_WARN_INFINITE_RECURSION = YES;
				CLANG_WARN_INT_CONVERSION = YES;
				CLANG_WARN_NON_LITERAL_NULL_CONVERSION = YES;
				CLANG_WARN_OBJC_IMPLICIT_RETAIN_SELF = YES;
				CLANG_WARN_OBJC_LITERAL_CONVERSION = YES;
				CLANG_WARN_OBJC_ROOT_CLASS = YES_ERROR;
				CLANG_WARN_RANGE_LOOP_ANALYSIS = YES;
				CLANG_WARN_STRICT_PROTOTYPES = YES;
				CLANG_WARN_SUSPICIOUS_MOVE = YES;
				CLANG_WARN_UNGUARDED_AVAILABILITY = YES_AGGRESSIVE;
				CLANG_WARN_UNREACHABLE_CODE = YES;
				CLANG_WARN__DUPLICATE_METHOD_MATCH = YES;
				COPY_PHASE_STRIP = NO;
				DEBUG_INFORMATION_FORMAT = "dwarf-with-dsym";
				ENABLE_NS_ASSERTIONS = NO;
				ENABLE_STRICT_OBJC_MSGSEND = YES;
				GCC_C_LANGUAGE_STANDARD = gnu11;
				GCC_NO_COMMON_BLOCKS = YES;
				GCC_WARN_64_TO_32_BIT_CONVERSION = YES;
				GCC_WARN_ABOUT_RETURN_TYPE = YES_ERROR;
				GCC_WARN_UNDECLARED_SELECTOR = YES;
				GCC_WARN_UNINITIALIZED_AUTOS = YES_AGGRESSIVE;
				GCC_WARN_UNUSED_FUNCTION = YES;
				GCC_WARN_UNUSED_VARIABLE = YES;
				IPHONEOS_DEPLOYMENT_TARGET = 13.2;
				MTL_ENABLE_DEBUG_INFO = NO;
				MTL_FAST_MATH = YES;
				SDKROOT = iphoneos;
				SWIFT_COMPILATION_MODE = wholemodule;
				SWIFT_OPTIMIZATION_LEVEL = "-O";
				VALIDATE_PRODUCT = YES;
			};
			name = Release;
		};
		CD938AF623DF4A4C00EA9B2C /* Debug */ = {
			isa = XCBuildConfiguration;
			buildSettings = {
				ASSETCATALOG_COMPILER_APPICON_NAME = AppIcon;
				CODE_SIGN_STYLE = Automatic;
				INFOPLIST_FILE = FlipBookExampleiOS/Info.plist;
				LD_RUNPATH_SEARCH_PATHS = (
					"$(inherited)",
					"@executable_path/Frameworks",
				);
				PRODUCT_BUNDLE_IDENTIFIER = com.bradgayman.FlipBookExampleiOS;
				PRODUCT_NAME = "$(TARGET_NAME)";
				SWIFT_VERSION = 5.0;
				TARGETED_DEVICE_FAMILY = "1,2";
			};
			name = Debug;
		};
		CD938AF723DF4A4C00EA9B2C /* Release */ = {
			isa = XCBuildConfiguration;
			buildSettings = {
				ASSETCATALOG_COMPILER_APPICON_NAME = AppIcon;
				CODE_SIGN_STYLE = Automatic;
				INFOPLIST_FILE = FlipBookExampleiOS/Info.plist;
				LD_RUNPATH_SEARCH_PATHS = (
					"$(inherited)",
					"@executable_path/Frameworks",
				);
				PRODUCT_BUNDLE_IDENTIFIER = com.bradgayman.FlipBookExampleiOS;
				PRODUCT_NAME = "$(TARGET_NAME)";
				SWIFT_VERSION = 5.0;
				TARGETED_DEVICE_FAMILY = "1,2";
			};
			name = Release;
		};
/* End XCBuildConfiguration section */

/* Begin XCConfigurationList section */
		CD938ADC23DF4A4600EA9B2C /* Build configuration list for PBXProject "FlipBookExampleiOS" */ = {
			isa = XCConfigurationList;
			buildConfigurations = (
				CD938AF323DF4A4C00EA9B2C /* Debug */,
				CD938AF423DF4A4C00EA9B2C /* Release */,
			);
			defaultConfigurationIsVisible = 0;
			defaultConfigurationName = Release;
		};
		CD938AF523DF4A4C00EA9B2C /* Build configuration list for PBXNativeTarget "FlipBookExampleiOS" */ = {
			isa = XCConfigurationList;
			buildConfigurations = (
				CD938AF623DF4A4C00EA9B2C /* Debug */,
				CD938AF723DF4A4C00EA9B2C /* Release */,
			);
			defaultConfigurationIsVisible = 0;
			defaultConfigurationName = Release;
		};
/* End XCConfigurationList section */

/* Begin XCRemoteSwiftPackageReference section */
		CD938AF823DF4AB200EA9B2C /* XCRemoteSwiftPackageReference "FlipBook" */ = {
			isa = XCRemoteSwiftPackageReference;
			repositoryURL = "https://github.com/bgayman/FlipBook.git";
			requirement = {
				kind = versionRange;
				maximumVersion = 2.0.0;
				minimumVersion = 0.2.16;
			};
		};
/* End XCRemoteSwiftPackageReference section */

/* Begin XCSwiftPackageProductDependency section */
		CD938AF923DF4AB200EA9B2C /* FlipBook */ = {
			isa = XCSwiftPackageProductDependency;
			package = CD938AF823DF4AB200EA9B2C /* XCRemoteSwiftPackageReference "FlipBook" */;
			productName = FlipBook;
		};
/* End XCSwiftPackageProductDependency section */
	};
	rootObject = CD938AD923DF4A4600EA9B2C /* Project object */;
}
